Microsoft Visual Studio Solution File, Format Version 12.00
# Visual Studio Version 16
VisualStudioVersion = 16.0.28922.388
MinimumVisualStudioVersion = 10.0.40219.1
Project("{FAE04EC0-301F-11D3-BF4B-00C04F79EFBC}") = "Sentry.data.Web", "Sentry.data.Web\Sentry.data.Web.csproj", "{42C330E1-E605-487F-979D-635597D1C88D}"
	ProjectSection(ProjectDependencies) = postProject
		{B07AACE7-C256-4E7F-9007-B8EF19577CBA} = {B07AACE7-C256-4E7F-9007-B8EF19577CBA}
	EndProjectSection
EndProject
Project("{FAE04EC0-301F-11D3-BF4B-00C04F79EFBC}") = "Sentry.data.Core", "Sentry.data.Core\Sentry.data.Core.csproj", "{EA9EE762-CE32-4410-B2B6-367A0985645B}"
EndProject
Project("{FAE04EC0-301F-11D3-BF4B-00C04F79EFBC}") = "Sentry.data.Infrastructure", "Sentry.data.Infrastructure\Sentry.data.Infrastructure.csproj", "{C766D10B-0008-4CC8-A0C0-5818E5EE464A}"
EndProject
Project("{00D1A9C2-B5F0-4AF3-8072-F6C62B433612}") = "Sentry.data.Database", "Sentry.data.Database\Sentry.data.Database.sqlproj", "{B07AACE7-C256-4E7F-9007-B8EF19577CBA}"
EndProject
Project("{FAE04EC0-301F-11D3-BF4B-00C04F79EFBC}") = "Sentry.data.DatabaseGenerator", "Sentry.data.DatabaseGenerator\Sentry.data.DatabaseGenerator.csproj", "{055EB75F-54A7-48D4-96EA-3397BAEF0A8B}"
EndProject
Project("{2150E333-8FDC-42A3-9474-1A3956D46DE8}") = "Solution Items", "Solution Items", "{9E622421-1970-4955-8B4D-D06A01A6457F}"
	ProjectSection(SolutionItems) = preProject
		AWSSettings.config = AWSSettings.config
		DefaultSettings\defaultSettings.config = DefaultSettings\defaultSettings.config
		FeatureFlagSettings.config = FeatureFlagSettings.config
		HiveODBC.config = HiveODBC.config
		Jenkinsfile.gvy = Jenkinsfile.gvy
		KafkaSettings.config = KafkaSettings.config
		Local.testsettings = Local.testsettings
		ReferenceAppRemoval.xml = ReferenceAppRemoval.xml
	EndProjectSection
EndProject
Project("{FAE04EC0-301F-11D3-BF4B-00C04F79EFBC}") = "Sentry.data.Web.Tests", "Sentry.data.Web.Tests\Sentry.data.Web.Tests.csproj", "{BA84F274-4EDA-4C2E-8440-5F9762A2892C}"
EndProject
Project("{FAE04EC0-301F-11D3-BF4B-00C04F79EFBC}") = "Sentry.data.Goldeneye", "Sentry.data.Goldeneye\Sentry.data.Goldeneye.csproj", "{837DBCEA-237B-4A4B-A917-557C47F7717E}"
EndProject
Project("{FAE04EC0-301F-11D3-BF4B-00C04F79EFBC}") = "Sentry.data.Bundler", "Sentry.data.Bundler\Sentry.data.Bundler.csproj", "{647FD2CD-F82C-4CA3-BCBA-79CB22C179E3}"
EndProject
Project("{2150E333-8FDC-42A3-9474-1A3956D46DE8}") = "SonarQube", "SonarQube", "{62813CDA-3D7A-42AC-8E6D-99F9A603C740}"
	ProjectSection(SolutionItems) = preProject
		SonarQube\DATA_Sentry.data_Mainline-NRCSharp.ruleset = SonarQube\DATA_Sentry.data_Mainline-NRCSharp.ruleset
		SonarQube\SolutionBinding.sqconfig = SonarQube\SolutionBinding.sqconfig
	EndProjectSection
EndProject
Project("{FAE04EC0-301F-11D3-BF4B-00C04F79EFBC}") = "Sentry.Messaging.Common", "StandaloneLibraries\Sentry.Messaging.Common\Sentry.Messaging.Common.csproj", "{BD4B0624-03A2-4896-B46E-4EB35E9EFE6C}"
EndProject
Project("{2150E333-8FDC-42A3-9474-1A3956D46DE8}") = "StandaloneLibraries", "StandaloneLibraries", "{9E1450B3-AC37-4476-8CBA-C6834F9E8B2E}"
EndProject
Project("{FAE04EC0-301F-11D3-BF4B-00C04F79EFBC}") = "Sentry.AsyncCommandProcessor", "StandaloneLibraries\Sentry.AsyncCommandProcessor\Sentry.AsyncCommandProcessor.csproj", "{1995839B-6107-45DF-84BE-4BC4606DC530}"
EndProject
Project("{FAE04EC0-301F-11D3-BF4B-00C04F79EFBC}") = "Sentry.data.Core.Tests", "Sentry.data.Core.Tests\Sentry.data.Core.Tests.csproj", "{D871509A-AB3D-4B70-B1F1-23BF5F807D0D}"
EndProject
Project("{FAE04EC0-301F-11D3-BF4B-00C04F79EFBC}") = "HSZGOLDENEYE", "HSZProcessor\HSZGOLDENEYE.csproj", "{4CEF5744-53D4-4A4D-8E2B-A47A68C52F05}"
EndProject
Project("{FAE04EC0-301F-11D3-BF4B-00C04F79EFBC}") = "TESTING_CONSOLE", "TESTING_CONSOLE\TESTING_CONSOLE.csproj", "{7066B846-3BF7-4A09-B454-6E095C37520B}"
EndProject
Project("{2150E333-8FDC-42A3-9474-1A3956D46DE8}") = "TestingConsoleApps", "TestingConsoleApps", "{CAE1BAB1-0E10-48C8-9C98-64271871DDE6}"
EndProject
Project("{FAE04EC0-301F-11D3-BF4B-00C04F79EFBC}") = "ProducerTesting", "ProducerTesting\ProducerTesting.csproj", "{EC924B4D-3015-44A1-B109-8A478962064C}"
EndProject
Project("{FAE04EC0-301F-11D3-BF4B-00C04F79EFBC}") = "ConsumerTesting", "ConsumerTesting\ConsumerTesting.csproj", "{D4A2E33D-D735-4A10-B0A1-D21DEE010ECD}"
EndProject
Project("{FAE04EC0-301F-11D3-BF4B-00C04F79EFBC}") = "Sentry.data.Infrastructure.Tests", "Sentry.data.Infrastructure.Tests\Sentry.data.Infrastructure.Tests.csproj", "{609CB6AA-E2C5-4EA4-904E-8CB00AEBA510}"
EndProject
Global
	GlobalSection(SolutionConfigurationPlatforms) = preSolution
		Debug|Any CPU = Debug|Any CPU
		Release|Any CPU = Release|Any CPU
	EndGlobalSection
	GlobalSection(ProjectConfigurationPlatforms) = postSolution
		{42C330E1-E605-487F-979D-635597D1C88D}.Debug|Any CPU.ActiveCfg = Debug|Any CPU
		{42C330E1-E605-487F-979D-635597D1C88D}.Debug|Any CPU.Build.0 = Debug|Any CPU
		{42C330E1-E605-487F-979D-635597D1C88D}.Release|Any CPU.ActiveCfg = Release|Any CPU
		{42C330E1-E605-487F-979D-635597D1C88D}.Release|Any CPU.Build.0 = Release|Any CPU
		{EA9EE762-CE32-4410-B2B6-367A0985645B}.Debug|Any CPU.ActiveCfg = Debug|Any CPU
		{EA9EE762-CE32-4410-B2B6-367A0985645B}.Debug|Any CPU.Build.0 = Debug|Any CPU
		{EA9EE762-CE32-4410-B2B6-367A0985645B}.Release|Any CPU.ActiveCfg = Release|Any CPU
		{EA9EE762-CE32-4410-B2B6-367A0985645B}.Release|Any CPU.Build.0 = Release|Any CPU
		{C766D10B-0008-4CC8-A0C0-5818E5EE464A}.Debug|Any CPU.ActiveCfg = Debug|Any CPU
		{C766D10B-0008-4CC8-A0C0-5818E5EE464A}.Debug|Any CPU.Build.0 = Debug|Any CPU
		{C766D10B-0008-4CC8-A0C0-5818E5EE464A}.Release|Any CPU.ActiveCfg = Release|Any CPU
		{C766D10B-0008-4CC8-A0C0-5818E5EE464A}.Release|Any CPU.Build.0 = Release|Any CPU
		{B07AACE7-C256-4E7F-9007-B8EF19577CBA}.Debug|Any CPU.ActiveCfg = Debug|Any CPU
		{B07AACE7-C256-4E7F-9007-B8EF19577CBA}.Debug|Any CPU.Build.0 = Debug|Any CPU
		{B07AACE7-C256-4E7F-9007-B8EF19577CBA}.Release|Any CPU.ActiveCfg = Release|Any CPU
		{B07AACE7-C256-4E7F-9007-B8EF19577CBA}.Release|Any CPU.Build.0 = Release|Any CPU
		{B07AACE7-C256-4E7F-9007-B8EF19577CBA}.Release|Any CPU.Deploy.0 = Release|Any CPU
		{055EB75F-54A7-48D4-96EA-3397BAEF0A8B}.Debug|Any CPU.ActiveCfg = Debug|Any CPU
		{055EB75F-54A7-48D4-96EA-3397BAEF0A8B}.Release|Any CPU.ActiveCfg = Release|Any CPU
		{BA84F274-4EDA-4C2E-8440-5F9762A2892C}.Debug|Any CPU.ActiveCfg = Debug|Any CPU
		{BA84F274-4EDA-4C2E-8440-5F9762A2892C}.Debug|Any CPU.Build.0 = Debug|Any CPU
		{BA84F274-4EDA-4C2E-8440-5F9762A2892C}.Release|Any CPU.ActiveCfg = Release|Any CPU
		{BA84F274-4EDA-4C2E-8440-5F9762A2892C}.Release|Any CPU.Build.0 = Release|Any CPU
		{837DBCEA-237B-4A4B-A917-557C47F7717E}.Debug|Any CPU.ActiveCfg = Debug|Any CPU
		{837DBCEA-237B-4A4B-A917-557C47F7717E}.Debug|Any CPU.Build.0 = Debug|Any CPU
		{837DBCEA-237B-4A4B-A917-557C47F7717E}.Release|Any CPU.ActiveCfg = Release|Any CPU
		{837DBCEA-237B-4A4B-A917-557C47F7717E}.Release|Any CPU.Build.0 = Release|Any CPU
		{647FD2CD-F82C-4CA3-BCBA-79CB22C179E3}.Debug|Any CPU.ActiveCfg = Debug|Any CPU
		{647FD2CD-F82C-4CA3-BCBA-79CB22C179E3}.Release|Any CPU.ActiveCfg = Release|Any CPU
		{BD4B0624-03A2-4896-B46E-4EB35E9EFE6C}.Debug|Any CPU.ActiveCfg = Debug|Any CPU
		{BD4B0624-03A2-4896-B46E-4EB35E9EFE6C}.Debug|Any CPU.Build.0 = Debug|Any CPU
		{BD4B0624-03A2-4896-B46E-4EB35E9EFE6C}.Release|Any CPU.ActiveCfg = Release|Any CPU
		{BD4B0624-03A2-4896-B46E-4EB35E9EFE6C}.Release|Any CPU.Build.0 = Release|Any CPU
		{1995839B-6107-45DF-84BE-4BC4606DC530}.Debug|Any CPU.ActiveCfg = Debug|Any CPU
		{1995839B-6107-45DF-84BE-4BC4606DC530}.Debug|Any CPU.Build.0 = Debug|Any CPU
		{1995839B-6107-45DF-84BE-4BC4606DC530}.Release|Any CPU.ActiveCfg = Release|Any CPU
		{1995839B-6107-45DF-84BE-4BC4606DC530}.Release|Any CPU.Build.0 = Release|Any CPU
		{D871509A-AB3D-4B70-B1F1-23BF5F807D0D}.Debug|Any CPU.ActiveCfg = Debug|Any CPU
		{D871509A-AB3D-4B70-B1F1-23BF5F807D0D}.Debug|Any CPU.Build.0 = Debug|Any CPU
		{D871509A-AB3D-4B70-B1F1-23BF5F807D0D}.Release|Any CPU.ActiveCfg = Release|Any CPU
		{D871509A-AB3D-4B70-B1F1-23BF5F807D0D}.Release|Any CPU.Build.0 = Release|Any CPU
		{4CEF5744-53D4-4A4D-8E2B-A47A68C52F05}.Debug|Any CPU.ActiveCfg = Debug|Any CPU
		{4CEF5744-53D4-4A4D-8E2B-A47A68C52F05}.Release|Any CPU.ActiveCfg = Release|Any CPU
		{4CEF5744-53D4-4A4D-8E2B-A47A68C52F05}.Release|Any CPU.Build.0 = Release|Any CPU
		{7066B846-3BF7-4A09-B454-6E095C37520B}.Debug|Any CPU.ActiveCfg = Debug|Any CPU
		{7066B846-3BF7-4A09-B454-6E095C37520B}.Release|Any CPU.ActiveCfg = Release|Any CPU
		{7066B846-3BF7-4A09-B454-6E095C37520B}.Release|Any CPU.Build.0 = Release|Any CPU
		{EC924B4D-3015-44A1-B109-8A478962064C}.Debug|Any CPU.ActiveCfg = Debug|Any CPU
		{EC924B4D-3015-44A1-B109-8A478962064C}.Release|Any CPU.ActiveCfg = Release|Any CPU
		{EC924B4D-3015-44A1-B109-8A478962064C}.Release|Any CPU.Build.0 = Release|Any CPU
		{D4A2E33D-D735-4A10-B0A1-D21DEE010ECD}.Debug|Any CPU.ActiveCfg = Debug|Any CPU
		{D4A2E33D-D735-4A10-B0A1-D21DEE010ECD}.Release|Any CPU.ActiveCfg = Release|Any CPU
		{D4A2E33D-D735-4A10-B0A1-D21DEE010ECD}.Release|Any CPU.Build.0 = Release|Any CPU
		{609CB6AA-E2C5-4EA4-904E-8CB00AEBA510}.Debug|Any CPU.ActiveCfg = Debug|Any CPU
		{609CB6AA-E2C5-4EA4-904E-8CB00AEBA510}.Debug|Any CPU.Build.0 = Debug|Any CPU
		{609CB6AA-E2C5-4EA4-904E-8CB00AEBA510}.Release|Any CPU.ActiveCfg = Release|Any CPU
		{609CB6AA-E2C5-4EA4-904E-8CB00AEBA510}.Release|Any CPU.Build.0 = Release|Any CPU
	EndGlobalSection
	GlobalSection(SolutionProperties) = preSolution
		HideSolutionNode = FALSE
	EndGlobalSection
	GlobalSection(NestedProjects) = preSolution
		{BD4B0624-03A2-4896-B46E-4EB35E9EFE6C} = {9E1450B3-AC37-4476-8CBA-C6834F9E8B2E}
		{1995839B-6107-45DF-84BE-4BC4606DC530} = {9E1450B3-AC37-4476-8CBA-C6834F9E8B2E}
		{7066B846-3BF7-4A09-B454-6E095C37520B} = {CAE1BAB1-0E10-48C8-9C98-64271871DDE6}
		{EC924B4D-3015-44A1-B109-8A478962064C} = {CAE1BAB1-0E10-48C8-9C98-64271871DDE6}
		{D4A2E33D-D735-4A10-B0A1-D21DEE010ECD} = {CAE1BAB1-0E10-48C8-9C98-64271871DDE6}
	EndGlobalSection
	GlobalSection(ExtensibilityGlobals) = postSolution
		SolutionGuid = {0D1FAF12-93B8-4B73-A66B-99806CB91657}
	EndGlobalSection
EndGlobal
